<Solution>
  <Project Path="Example-10-Week-4/Example-10-Week-4.csproj" />
  <Project Path="Example-11-Week-4/Example-11-Week-4.csproj" />
  <Project Path="Example-2-Week-4/Example-2-Week-4.csproj" />
  <Project Path="Example-3-Week-4/Example-3-Week-4.csproj" />
  <Project Path="Example-4-Week-4/Example-4-Week-4.csproj" />
  <Project Path="Example-5-Week-4/Example-5-Week-4.csproj" />
  <Project Path="Example-6-Week-4/Example-6-Week-4.csproj" />
  <Project Path="Example-7-Week-4/Example-7-Week-4.csproj" />
  <Project Path="Example-8-Week-4/Example-8-Week-4.csproj" />
  <Project Path="Example-9-Week-4/Example-9-Week-4.csproj" />
  <Project Path="Example1-week4/Example1-week4.csproj" />
</Solution>
