<Solution>
  <Project Path="Demo-1/Demo-1.csproj" Id="307414bb-9f27-4f19-b349-e8134eacc32b" />
  <Project Path="Demo-2/Demo-2.csproj" Id="07039193-5dbb-44dd-8200-bb116edd0c03" />
  <Project Path="Demo-3-ATM-System/Demo-3-ATM-System.csproj" Id="f4637617-a788-46d6-b8f2-55b973224361" />
  <Project Path="Example-10-Week-4/Example-10-Week-4.csproj" />
  <Project Path="Example-11-Week-4/Example-11-Week-4.csproj" />
  <Project Path="Example-2-Week-4/Example-2-Week-4.csproj" />
  <Project Path="Example-3-Week-4/Example-3-Week-4.csproj" />
  <Project Path="Example-4-Week-4/Example-4-Week-4.csproj" />
  <Project Path="Example-5-Week-4/Example-5-Week-4.csproj" />
  <Project Path="Example-6-Week-4/Example-6-Week-4.csproj" />
  <Project Path="Example-7-Week-4/Example-7-Week-4.csproj" />
  <Project Path="Example-8-Week-4/Example-8-Week-4.csproj" />
  <Project Path="Example-9-Week-4/Example-9-Week-4.csproj" />
  <Project Path="Example1-week4/Example1-week4.csproj" />
  <Project Path="StudentResultWhiteBoxTesting/StudentResultWhiteBoxTesting.csproj" Id="76e068e0-0c20-45cc-b69d-7f809150fb5d" />
</Solution>
